Microsoft Visual Studio Solution File, Format Version 12.00
# Visual Studio Version 17
VisualStudioVersion = 17.0.31903.59
MinimumVisualStudioVersion = 10.0.40219.1
Project("{888888A0-9F3D-457C-B088-3A5042F75D52}") = "dkfz final code", "dkfz_final_code.pyproj", "{7D8DE0A5-AE09-4D2D-98DD-A7F0D0532C55}"
EndProject
Global
	GlobalSection(SolutionConfigurationPlatforms) = preSolution
		Debug|Any CPU = Debug|Any CPU
		Release|Any CPU = Release|Any CPU
	EndGlobalSection
	GlobalSection(ProjectConfigurationPlatforms) = postSolution
		{7D8DE0A5-AE09-4D2D-98DD-A7F0D0532C55}.Debug|Any CPU.ActiveCfg = Debug|Any CPU
		{7D8DE0A5-AE09-4D2D-98DD-A7F0D0532C55}.Release|Any CPU.ActiveCfg = Debug|Any CPU
	EndGlobalSection
EndGlobal
